
Microsoft Visual Studio Solution File, Format Version 12.00
# Visual Studio 14
VisualStudioVersion = 14.0.24720.0
MinimumVisualStudioVersion = 10.0.40219.1
Project("{FAE04EC0-301F-11D3-BF4B-00C04F79EFBC}") = "PreFinalQuiz1_Manalang", "PreFinalQuiz1_Manalang\PreFinalQuiz1_Manalang.csproj", "{342C31A6-DC1E-4BC0-BDAF-54543F2AE17A}"
EndProject
Global
	GlobalSection(SolutionConfigurationPlatforms) = preSolution
		Debug|Any CPU = Debug|Any CPU
		Release|Any CPU = Release|Any CPU
	EndGlobalSection
	GlobalSection(ProjectConfigurationPlatforms) = postSolution
		{342C31A6-DC1E-4BC0-BDAF-54543F2AE17A}.Debug|Any CPU.ActiveCfg = Debug|Any CPU
		{342C31A6-DC1E-4BC0-BDAF-54543F2AE17A}.Debug|Any CPU.Build.0 = Debug|Any CPU
		{342C31A6-DC1E-4BC0-BDAF-54543F2AE17A}.Release|Any CPU.ActiveCfg = Release|Any CPU
		{342C31A6-DC1E-4BC0-BDAF-54543F2AE17A}.Release|Any CPU.Build.0 = Release|Any CPU
	EndGlobalSection
	GlobalSection(SolutionProperties) = preSolution
		HideSolutionNode = FALSE
	EndGlobalSection
EndGlobal
